{
	"name": "@givencui/test-lerna02",
	"version": "0.0.0",
	"lockfileVersion": 1,
	"requires": true,
	"dependencies": {
		"lodash": {
			"version": "4.17.21",
			"resolved": "https://npm.baijia.com/lodash/-/lodash-4.17.21.tgz",
			"integrity": "sha1-Z5WRxWTDv/quhFTPCz3zcMPWkRw="
		},
		"vue": {
			"version": "2.6.13",
			"resolved": "https://npm.baijia.com/vue/-/vue-2.6.13.tgz",
			"integrity": "sha1-lLLBsx/d8d/MNPKOyEi6jwHqTFs="
		}
	}
}
